
Microsoft Visual Studio Solution File, Format Version 12.00
# Visual Studio Version 17
VisualStudioVersion = 17.0.31903.59
MinimumVisualStudioVersion = 10.0.40219.1
Project("{2150E333-8FDC-42A3-9474-1A3956D46DE8}") = "Data", "Data", "{3BBE621A-FFCD-47FE-A2C7-83E87814124E}"
EndProject
Project("{FAE04EC0-301F-11D3-BF4B-00C04F79EFBC}") = "Script", "Data\Script\Script.csproj", "{319262E3-DC3A-4894-99BA-E9DBD9D6C5B8}"
EndProject
Project("{FAE04EC0-301F-11D3-BF4B-00C04F79EFBC}") = "Script.Test", "Data\Script.Test\Script.Test.csproj", "{8E032635-FB01-4535-AEBB-F7786E353053}"
EndProject
Project("{2150E333-8FDC-42A3-9474-1A3956D46DE8}") = "Math", "Math", "{D1314F2F-3DDE-4AE8-9242-04B68439AB31}"
EndProject
Project("{FAE04EC0-301F-11D3-BF4B-00C04F79EFBC}") = "Script", "Math\Script\Script.csproj", "{ADBC7CE9-8FE4-4BA9-A5DB-57ADDC1C9E26}"
EndProject
Project("{FAE04EC0-301F-11D3-BF4B-00C04F79EFBC}") = "Script.Test", "Math\Script.Test\Script.Test.csproj", "{3FEF287F-1C0E-4613-9CAB-DD0E21ED6801}"
EndProject
Project("{2150E333-8FDC-42A3-9474-1A3956D46DE8}") = "Relation", "Relation", "{25350CC7-AD22-4F12-8C47-083963341CA3}"
EndProject
Project("{FAE04EC0-301F-11D3-BF4B-00C04F79EFBC}") = "Script", "Relation\Script\Script.csproj", "{15DAE793-948C-46AC-8CBB-A6CFD05F67DF}"
EndProject
Project("{FAE04EC0-301F-11D3-BF4B-00C04F79EFBC}") = "Script.Test", "Relation\Script.Test\Script.Test.csproj", "{6DC9A56E-E0B9-48CF-A304-AE902557AACE}"
EndProject
Global
	GlobalSection(SolutionConfigurationPlatforms) = preSolution
		Debug|Any CPU = Debug|Any CPU
		Release|Any CPU = Release|Any CPU
	EndGlobalSection
	GlobalSection(SolutionProperties) = preSolution
		HideSolutionNode = FALSE
	EndGlobalSection
	GlobalSection(ProjectConfigurationPlatforms) = postSolution
		{319262E3-DC3A-4894-99BA-E9DBD9D6C5B8}.Debug|Any CPU.ActiveCfg = Debug|Any CPU
		{319262E3-DC3A-4894-99BA-E9DBD9D6C5B8}.Debug|Any CPU.Build.0 = Debug|Any CPU
		{319262E3-DC3A-4894-99BA-E9DBD9D6C5B8}.Release|Any CPU.ActiveCfg = Release|Any CPU
		{319262E3-DC3A-4894-99BA-E9DBD9D6C5B8}.Release|Any CPU.Build.0 = Release|Any CPU
		{8E032635-FB01-4535-AEBB-F7786E353053}.Debug|Any CPU.ActiveCfg = Debug|Any CPU
		{8E032635-FB01-4535-AEBB-F7786E353053}.Debug|Any CPU.Build.0 = Debug|Any CPU
		{8E032635-FB01-4535-AEBB-F7786E353053}.Release|Any CPU.ActiveCfg = Release|Any CPU
		{8E032635-FB01-4535-AEBB-F7786E353053}.Release|Any CPU.Build.0 = Release|Any CPU
		{ADBC7CE9-8FE4-4BA9-A5DB-57ADDC1C9E26}.Debug|Any CPU.ActiveCfg = Debug|Any CPU
		{ADBC7CE9-8FE4-4BA9-A5DB-57ADDC1C9E26}.Debug|Any CPU.Build.0 = Debug|Any CPU
		{ADBC7CE9-8FE4-4BA9-A5DB-57ADDC1C9E26}.Release|Any CPU.ActiveCfg = Release|Any CPU
		{ADBC7CE9-8FE4-4BA9-A5DB-57ADDC1C9E26}.Release|Any CPU.Build.0 = Release|Any CPU
		{3FEF287F-1C0E-4613-9CAB-DD0E21ED6801}.Debug|Any CPU.ActiveCfg = Debug|Any CPU
		{3FEF287F-1C0E-4613-9CAB-DD0E21ED6801}.Debug|Any CPU.Build.0 = Debug|Any CPU
		{3FEF287F-1C0E-4613-9CAB-DD0E21ED6801}.Release|Any CPU.ActiveCfg = Release|Any CPU
		{3FEF287F-1C0E-4613-9CAB-DD0E21ED6801}.Release|Any CPU.Build.0 = Release|Any CPU
		{15DAE793-948C-46AC-8CBB-A6CFD05F67DF}.Debug|Any CPU.ActiveCfg = Debug|Any CPU
		{15DAE793-948C-46AC-8CBB-A6CFD05F67DF}.Debug|Any CPU.Build.0 = Debug|Any CPU
		{15DAE793-948C-46AC-8CBB-A6CFD05F67DF}.Release|Any CPU.ActiveCfg = Release|Any CPU
		{15DAE793-948C-46AC-8CBB-A6CFD05F67DF}.Release|Any CPU.Build.0 = Release|Any CPU
		{6DC9A56E-E0B9-48CF-A304-AE902557AACE}.Debug|Any CPU.ActiveCfg = Debug|Any CPU
		{6DC9A56E-E0B9-48CF-A304-AE902557AACE}.Debug|Any CPU.Build.0 = Debug|Any CPU
		{6DC9A56E-E0B9-48CF-A304-AE902557AACE}.Release|Any CPU.ActiveCfg = Release|Any CPU
		{6DC9A56E-E0B9-48CF-A304-AE902557AACE}.Release|Any CPU.Build.0 = Release|Any CPU
	EndGlobalSection
	GlobalSection(NestedProjects) = preSolution
		{319262E3-DC3A-4894-99BA-E9DBD9D6C5B8} = {3BBE621A-FFCD-47FE-A2C7-83E87814124E}
		{8E032635-FB01-4535-AEBB-F7786E353053} = {3BBE621A-FFCD-47FE-A2C7-83E87814124E}
		{ADBC7CE9-8FE4-4BA9-A5DB-57ADDC1C9E26} = {D1314F2F-3DDE-4AE8-9242-04B68439AB31}
		{3FEF287F-1C0E-4613-9CAB-DD0E21ED6801} = {D1314F2F-3DDE-4AE8-9242-04B68439AB31}
		{15DAE793-948C-46AC-8CBB-A6CFD05F67DF} = {25350CC7-AD22-4F12-8C47-083963341CA3}
		{6DC9A56E-E0B9-48CF-A304-AE902557AACE} = {25350CC7-AD22-4F12-8C47-083963341CA3}
	EndGlobalSection
EndGlobal
